
Microsoft Visual Studio Solution File, Format Version 12.00
# Visual Studio Version 16
VisualStudioVersion = 16.0.31729.503
MinimumVisualStudioVersion = 10.0.40219.1
Project("{FAE04EC0-301F-11D3-BF4B-00C04F79EFBC}") = "HolaMundoGUI", "HolaMundoGUI\HolaMundoGUI.csproj", "{0C715D17-E35C-4EC7-8160-5CB5E8DF791E}"
EndProject
Global
	GlobalSection(SolutionConfigurationPlatforms) = preSolution
		Debug|Any CPU = Debug|Any CPU
		Release|Any CPU = Release|Any CPU
	EndGlobalSection
	GlobalSection(ProjectConfigurationPlatforms) = postSolution
		{0C715D17-E35C-4EC7-8160-5CB5E8DF791E}.Debug|Any CPU.ActiveCfg = Debug|Any CPU
		{0C715D17-E35C-4EC7-8160-5CB5E8DF791E}.Debug|Any CPU.Build.0 = Debug|Any CPU
		{0C715D17-E35C-4EC7-8160-5CB5E8DF791E}.Release|Any CPU.ActiveCfg = Release|Any CPU
		{0C715D17-E35C-4EC7-8160-5CB5E8DF791E}.Release|Any CPU.Build.0 = Release|Any CPU
	EndGlobalSection
	GlobalSection(SolutionProperties) = preSolution
		HideSolutionNode = FALSE
	EndGlobalSection
	GlobalSection(ExtensibilityGlobals) = postSolution
		SolutionGuid = {DA46324D-26F6-4DDE-A0A1-EFC1FCBBC952}
	EndGlobalSection
EndGlobal
